<?xml version="1.0" encoding="utf-8"?>
<Project ToolsVersion="4.0" xmlns="http://schemas.microsoft.com/developer/msbuild/2003">
  <ItemGroup>
    <ClCompile Include="$(SrcDir)main.cpp" />
    <ClCompile Include="$(SrcDir)Logger.cpp" />
    <ClCompile Include="$(LibDir)$(CommandLineParserDir)CommandLineOptions.cpp">
      <Filter>lib\clparser</Filter>
    </ClCompile>
    <ClCompile Include="$(LibDir)$(CommandLineParserDir)CommandLineParser.cpp">
      <Filter>lib\clparser</Filter>
    </ClCompile>
    <ClCompile Include="$(LibDir)$(CpuDir)Cpu.cpp">
      <Filter>lib\cpu</Filter>
    </ClCompile>
    <ClCompile Include="$(LibDir)$(CpuDir)Timer.cpp">
      <Filter>lib\cpu</Filter>
    </ClCompile>
    <ClCompile Include="$(LibDir)$(CpuDir)Gpu.cpp">
      <Filter>lib\cpu</Filter>
    </ClCompile>
    <ClCompile Include="$(LibDir)$(EmulatorDir)AudioController.cpp">
      <Filter>lib\emulator</Filter>
    </ClCompile>
    <ClCompile Include="$(LibDir)$(EmulatorDir)Emulator.cpp">
      <Filter>lib\emulator</Filter>
    </ClCompile>
    <ClCompile Include="$(LibDir)$(EmulatorDir)EmulatorWindow.cpp">
      <Filter>lib\emulator</Filter>
    </ClCompile>
  </ItemGroup>
  <ItemGroup>
    <ClInclude Include="$(SrcDir)metadata.hpp" />
    <ClInclude Include="$(SrcDir)ExitCode.hpp" />
    <ClInclude Include="$(IncludeDir)$(CommandLineParserDir)Argument.hpp">
      <Filter>include\clparser</Filter>
    </ClInclude>
    <ClInclude Include="$(IncludeDir)$(CommandLineParserDir)ArgumentConcept.hpp">
      <Filter>include\clparser</Filter>
    </ClInclude>
    <ClInclude Include="$(IncludeDir)$(CommandLineParserDir)ArgumentFormatException.hpp">
      <Filter>include\clparser</Filter>
    </ClInclude>
    <ClInclude Include="$(IncludeDir)$(CommandLineParserDir)CommandLineOptions.hpp">
      <Filter>include\clparser</Filter>
    </ClInclude>
    <ClInclude Include="$(SrcDir)CommandLineOptions.hpp">
      <Filter>include\clparser</Filter>
    </ClInclude>
    <ClInclude Include="$(IncludeDir)$(CommandLineParserDir)CommandLineParser.hpp">
      <Filter>include\clparser</Filter>
    </ClInclude>
    <ClInclude Include="$(IncludeDir)$(CommandLineParserDir)PositionalArgument.hpp">
      <Filter>include\clparser</Filter>
    </ClInclude>
    <ClInclude Include="$(IncludeDir)$(CommandLineParserDir)NamedArgument.hpp">
      <Filter>include\clparser</Filter>
    </ClInclude>
    <ClInclude Include="$(IncludeDir)$(CommandLineParserDir)IArgument.hpp">
      <Filter>include\clparser</Filter>
    </ClInclude>
    <ClInclude Include="$(IncludeDir)$(CommandLineParserDir)IArgumentVisitor.hpp">
      <Filter>include\clparser</Filter>
    </ClInclude>
    <ClInclude Include="$(IncludeDir)$(CommandLineParserDir)ICommandLineOptions.hpp">
      <Filter>include\clparser</Filter>
    </ClInclude>
    <ClInclude Include="$(IncludeDir)$(CpuDir)Cpu.hpp">
      <Filter>include\cpu</Filter>
    </ClInclude>
    <ClInclude Include="$(IncludeDir)$(CpuDir)CpuExecutionException.hpp">
      <Filter>include\cpu</Filter>
    </ClInclude>
    <ClInclude Include="$(IncludeDir)$(EmulatorDir)Emulator.hpp">
      <Filter>include\emulator</Filter>
    </ClInclude>
    <ClInclude Include="$(IncludeDir)$(CpuDir)Gpu.hpp">
      <Filter>include\cpu</Filter>
    </ClInclude>
    <ClInclude Include="$(IncludeDir)$(CpuDir)IGpu.hpp">
      <Filter>include\cpu</Filter>
    </ClInclude>
    <ClInclude Include="$(IncludeDir)$(CpuDir)InstructionSet.hpp">
      <Filter>include\cpu</Filter>
    </ClInclude>
    <ClInclude Include="$(IncludeDir)$(CpuDir)ITimer.hpp">
      <Filter>include\cpu</Filter>
    </ClInclude>
    <ClInclude Include="$(IncludeDir)$(EmulatorDir)WindowInitializationException.hpp">
      <Filter>include\emulator</Filter>
    </ClInclude>
    <ClInclude Include="$(IncludeDir)$(CpuDir)Timer.hpp">
      <Filter>include\cpu</Filter>
    </ClInclude>
    <ClInclude Include="$(IncludeDir)$(CpuDir)PointerRegister.hpp">
      <Filter>include\cpu</Filter>
    </ClInclude>
    <ClInclude Include="$(IncludeDir)$(CpuDir)Registers.hpp">
      <Filter>include\cpu</Filter>
    </ClInclude>
    <ClInclude Include="$(IncludeDir)$(CpuDir)RomLoadFailureException.hpp">
      <Filter>include\cpu</Filter>
    </ClInclude>
    <ClInclude Include="$(SrcDir)Logger.hpp" />
    <ClInclude Include="$(IncludeDir)$(LoggingDir)Logger.hpp">
      <Filter>include\logging</Filter>
    </ClInclude>
    <ClInclude Include="$(IncludeDir)$(LoggingDir)LoggerConcept.hpp">
      <Filter>include\logging</Filter>
    </ClInclude>
    <ClInclude Include="$(IncludeDir)$(LoggingDir)Severity.hpp">
      <Filter>include\logging</Filter>
    </ClInclude>
    <ClInclude Include="$(IncludeDir)$(CpuDir)Key.hpp">
      <Filter>include\cpu</Filter>
    </ClInclude>
    <ClInclude Include="$(IncludeDir)$(CpuDir)Font.hpp">
      <Filter>include\cpu</Filter>
    </ClInclude>
    <ClInclude Include="$(IncludeDir)$(CpuDir)InstructionBinder.hpp">
      <Filter>include\cpu</Filter>
    </ClInclude>
    <ClInclude Include="$(IncludeDir)$(CpuDir)InstructionBinding.hpp">
      <Filter>include\cpu</Filter>
    </ClInclude>
    <CLInclude Include="$(LibDir)$(EmulatorDir)AudioController.hpp">
      <Filter>lib\emulator</Filter>
    </CLInclude>
    <CLInclude Include="$(LibDir)$(EmulatorDir)EmulatorWindow.hpp">
      <Filter>lib\emulator</Filter>
    </CLInclude>
    <CLInclude Include="$(LibDir)$(EmulatorDir)SDLChip8KeyMapping.hpp">
      <Filter>lib\emulator</Filter>
    </CLInclude>
    <ClInclude Include="$(IncludeDir)$(CpuDir)IBinder.hpp">
      <Filter>include\cpu</Filter>
    </ClInclude>
    <ClInclude Include="$(IncludeDir)$(EmulatorDir)AudioInitializationException.hpp">
      <Filter>include\emulator</Filter>
    </ClInclude>
    <ClInclude Include="$(IncludeDir)$(CpuDir)CpuState.hpp">
      <Filter>include\cpu</Filter>
    </ClInclude>
  </ItemGroup>
  <ItemGroup>
    <Filter Include="include">
      <UniqueIdentifier>{c5ea6b0a-aafe-4374-8e67-1410895b0af4}</UniqueIdentifier>
    </Filter>
    <Filter Include="include\clparser">
      <UniqueIdentifier>{949dd37c-045d-40d3-8ac5-812274772734}</UniqueIdentifier>
    </Filter>
    <Filter Include="include\cpu">
      <UniqueIdentifier>{43d7870c-2d2e-4bd1-888a-cfa169f6f191}</UniqueIdentifier>
    </Filter>
    <Filter Include="include\emulator">
      <UniqueIdentifier>{681614f3-44bc-4aa6-b6a9-cee4dda81b48}</UniqueIdentifier>
    </Filter>
    <Filter Include="include\logging">
      <UniqueIdentifier>{1e86abd1-f894-4b53-99d8-dfbb2cb231d9}</UniqueIdentifier>
    </Filter>
    <Filter Include="lib">
      <UniqueIdentifier>{97b31a5c-7347-4ca9-86e4-a507bdd8aa54}</UniqueIdentifier>
    </Filter>
    <Filter Include="lib\clparser">
      <UniqueIdentifier>{0834eaa5-2e8b-4c59-9300-fd55ca6c520e}</UniqueIdentifier>
    </Filter>
    <Filter Include="lib\cpu">
      <UniqueIdentifier>{2e469615-f443-4220-90e9-62290db84015}</UniqueIdentifier>
    </Filter>
    <Filter Include="lib\emulator">
      <UniqueIdentifier>{5d6a0e2e-76d1-4a9e-89ea-bf0c3629e6d3}</UniqueIdentifier>
    </Filter>
  </ItemGroup>
</Project>