<?xml version="1.0" encoding="utf-8"?>
<Project ToolsVersion="4.0" xmlns="http://schemas.microsoft.com/developer/msbuild/2003">
  <ItemGroup>
    <ClCompile Include="$(CommandLineParserDir)CommandLineOptions.cpp">
      <Filter>src</Filter>
    </ClCompile>
    <ClCompile Include="$(CommandLineParserDir)CommandLineParser.cpp">
      <Filter>src</Filter>
    </ClCompile>
    <ClCompile Include="$(TestDir)CommandLineParserTest.cpp" />
  </ItemGroup>
  <ItemGroup>
    <ClInclude Include="$(CommandLineParserDir)ArgumentFormatException.hpp">
      <Filter>src</Filter>
    </ClInclude>
    <ClInclude Include="$(CommandLineParserDir)ArgumentNotFoundException.hpp">
      <Filter>src</Filter>
    </ClInclude>
    <ClInclude Include="$(CommandLineParserDir)CommandLineOptions.hpp">
      <Filter>src</Filter>
    </ClInclude>
    <ClInclude Include="$(CommandLineParserDir)CommandLineParser.hpp">
      <Filter>src</Filter>
    </ClInclude>
    <ClInclude Include="$(CommandLineParserDir)Field.hpp">
      <Filter>src</Filter>
    </ClInclude>
    <ClInclude Include="$(CommandLineParserDir)IField.hpp">
      <Filter>src</Filter>
    </ClInclude>
    <ClInclude Include="$(CommandLineParserDir)Optional.hpp">
      <Filter>src</Filter>
    </ClInclude>
    <ClInclude Include="$(CommandLineParserDir)Required.hpp">
      <Filter>src</Filter>
    </ClInclude>
  </ItemGroup>
  <ItemGroup>
    <None Include="packages.config" />
  </ItemGroup>
  <ItemGroup>
    <Filter Include="src">
      <UniqueIdentifier>{555e733d-834f-41df-8894-ffb206b0db10}</UniqueIdentifier>
    </Filter>
  </ItemGroup>
</Project>