<?xml version="1.0" encoding="utf-8"?>
<Project ToolsVersion="4.0" xmlns="http://schemas.microsoft.com/developer/msbuild/2003">
  <ItemGroup>
    <ClCompile Include="$(CommandLineParserDir)CommandLineOptions.cpp">
      <Filter>src</Filter>
    </ClCompile>
    <ClCompile Include="$(CommandLineParserDir)CommandLineParser.cpp">
      <Filter>src</Filter>
    </ClCompile>
    <ClCompile Include="packages\gmock.1.11.0\lib\native\src\gtest\src\gtest_main.cc" />
    <ClCompile Include="packages\gmock.1.11.0\lib\native\src\gmock\gmock-all.cc">
      <Filter>gtest</Filter>
    </ClCompile>
    <ClCompile Include="packages\gmock.1.11.0\lib\native\src\gtest\src\gtest_main.cc">
      <Filter>gtest</Filter>
    </ClCompile>
    <ClCompile Include="packages\gmock.1.11.0\lib\native\src\gtest\gtest-all.cc">
      <Filter>gtest</Filter>
    </ClCompile>
    <ClCompile Include="packages\gmock.1.11.0\lib\native\src\gtest\src\gtest_main.cc">
      <Filter>gtest</Filter>
    </ClCompile>
    <ClCompile Include="packages\gmock.1.11.0\lib\native\src\gtest\src\gtest_main.cc">
      <Filter>gtest</Filter>
    </ClCompile>
    <ClCompile Include="packages\gmock.1.11.0\lib\native\src\gtest\src\gtest_main.cc">
      <Filter>gtest</Filter>
    </ClCompile>
    <ClCompile Include="$(TestDir)CommandLineParserIntegrationTests.cpp" />
    <ClCompile Include="$(TestDir)CommandLineParserUnitTests.cpp" />
    <ClCompile Include="packages\gmock.1.11.0\lib\native\src\gtest\src\gtest_main.cc">
      <Filter>gtest</Filter>
    </ClCompile>
    <ClCompile Include="packages\gmock.1.11.0\lib\native\src\gtest\src\gtest_main.cc">
      <Filter>gtest</Filter>
    </ClCompile>
    <ClCompile Include="packages\gmock.1.11.0\lib\native\src\gtest\src\gtest_main.cc">
      <Filter>gtest</Filter>
    </ClCompile>
    <ClCompile Include="packages\gmock.1.11.0\lib\native\src\gtest\src\gtest_main.cc">
      <Filter>gtest</Filter>
    </ClCompile>
    <ClCompile Include="packages\gmock.1.11.0\lib\native\src\gtest\src\gtest_main.cc">
      <Filter>gtest</Filter>
    </ClCompile>
    <ClCompile Include="$(TestDir)CpuUnitTests.cpp" />
    <ClCompile Include="$(TestDir)InstructionBinderUnitTests.cpp" />
    <ClCompile Include="$(EmulatorDir)Cpu.cpp">
      <Filter>src</Filter>
    </ClCompile>
    <ClCompile Include="$(TestDir)GpuUnitTests.cpp" />
    <ClCompile Include="$(EmulatorDir)Gpu.cpp">
      <Filter>src</Filter>
    </ClCompile>
  </ItemGroup>
  <ItemGroup>
    <None Include="packages.config" />
  </ItemGroup>
  <ItemGroup>
    <Filter Include="src">
      <UniqueIdentifier>{555e733d-834f-41df-8894-ffb206b0db10}</UniqueIdentifier>
    </Filter>
    <Filter Include="gtest">
      <UniqueIdentifier>{136000cc-bcf9-4f79-900e-b8ef5ee195aa}</UniqueIdentifier>
    </Filter>
  </ItemGroup>
</Project>